
Microsoft Visual Studio Solution File, Format Version 12.00
# Visual Studio 2013
VisualStudioVersion = 12.0.40629.0
MinimumVisualStudioVersion = 10.0.40219.1
Project("{FAE04EC0-301F-11D3-BF4B-00C04F79EFBC}") = "ShoppingCart.Web", "ShoppingCart\ShoppingCart.Web.csproj", "{54B66F8B-5E19-4DEA-92E4-AC50A09C6247}"
EndProject
Project("{FAE04EC0-301F-11D3-BF4B-00C04F79EFBC}") = "ShoppingCart.Entities", "ShoppingCart.Entities\ShoppingCart.Entities.csproj", "{D71FA736-3C9D-4EEE-865F-A6A8A3A2D3A0}"
EndProject
Project("{FAE04EC0-301F-11D3-BF4B-00C04F79EFBC}") = "ShoppingCart.Repository", "ShoppingCart.Repository\ShoppingCart.Repository.csproj", "{03D7827F-F3D9-441A-9FD4-EEA8DA25DACD}"
EndProject
Project("{FAE04EC0-301F-11D3-BF4B-00C04F79EFBC}") = "ShoppingCart.Interfaces", "ShoppingCart.Interfaces\ShoppingCart.Interfaces.csproj", "{0C13B85D-AB0E-4032-A236-A85DDAD5B1A1}"
EndProject
Global
	GlobalSection(SolutionConfigurationPlatforms) = preSolution
		Debug|Any CPU = Debug|Any CPU
		Release|Any CPU = Release|Any CPU
	EndGlobalSection
	GlobalSection(ProjectConfigurationPlatforms) = postSolution
		{54B66F8B-5E19-4DEA-92E4-AC50A09C6247}.Debug|Any CPU.ActiveCfg = Debug|Any CPU
		{54B66F8B-5E19-4DEA-92E4-AC50A09C6247}.Debug|Any CPU.Build.0 = Debug|Any CPU
		{54B66F8B-5E19-4DEA-92E4-AC50A09C6247}.Release|Any CPU.ActiveCfg = Release|Any CPU
		{54B66F8B-5E19-4DEA-92E4-AC50A09C6247}.Release|Any CPU.Build.0 = Release|Any CPU
		{D71FA736-3C9D-4EEE-865F-A6A8A3A2D3A0}.Debug|Any CPU.ActiveCfg = Debug|Any CPU
		{D71FA736-3C9D-4EEE-865F-A6A8A3A2D3A0}.Debug|Any CPU.Build.0 = Debug|Any CPU
		{D71FA736-3C9D-4EEE-865F-A6A8A3A2D3A0}.Release|Any CPU.ActiveCfg = Release|Any CPU
		{D71FA736-3C9D-4EEE-865F-A6A8A3A2D3A0}.Release|Any CPU.Build.0 = Release|Any CPU
		{03D7827F-F3D9-441A-9FD4-EEA8DA25DACD}.Debug|Any CPU.ActiveCfg = Debug|Any CPU
		{03D7827F-F3D9-441A-9FD4-EEA8DA25DACD}.Debug|Any CPU.Build.0 = Debug|Any CPU
		{03D7827F-F3D9-441A-9FD4-EEA8DA25DACD}.Release|Any CPU.ActiveCfg = Release|Any CPU
		{03D7827F-F3D9-441A-9FD4-EEA8DA25DACD}.Release|Any CPU.Build.0 = Release|Any CPU
		{0C13B85D-AB0E-4032-A236-A85DDAD5B1A1}.Debug|Any CPU.ActiveCfg = Debug|Any CPU
		{0C13B85D-AB0E-4032-A236-A85DDAD5B1A1}.Debug|Any CPU.Build.0 = Debug|Any CPU
		{0C13B85D-AB0E-4032-A236-A85DDAD5B1A1}.Release|Any CPU.ActiveCfg = Release|Any CPU
		{0C13B85D-AB0E-4032-A236-A85DDAD5B1A1}.Release|Any CPU.Build.0 = Release|Any CPU
	EndGlobalSection
	GlobalSection(SolutionProperties) = preSolution
		HideSolutionNode = FALSE
	EndGlobalSection
EndGlobal
